
Microsoft Visual Studio Solution File, Format Version 12.00
# Visual Studio Version 17
VisualStudioVersion = 17.7.34302.85
MinimumVisualStudioVersion = 10.0.40219.1
Project("{FAE04EC0-301F-11D3-BF4B-00C04F79EFBC}") = "Kalıtım", "Kalıtım\Kalıtım.csproj", "{287D6968-38AA-4B98-B9C5-453B1B828E9C}"
EndProject
Global
	GlobalSection(SolutionConfigurationPlatforms) = preSolution
		Debug|Any CPU = Debug|Any CPU
		Release|Any CPU = Release|Any CPU
	EndGlobalSection
	GlobalSection(ProjectConfigurationPlatforms) = postSolution
		{287D6968-38AA-4B98-B9C5-453B1B828E9C}.Debug|Any CPU.ActiveCfg = Debug|Any CPU
		{287D6968-38AA-4B98-B9C5-453B1B828E9C}.Debug|Any CPU.Build.0 = Debug|Any CPU
		{287D6968-38AA-4B98-B9C5-453B1B828E9C}.Release|Any CPU.ActiveCfg = Release|Any CPU
		{287D6968-38AA-4B98-B9C5-453B1B828E9C}.Release|Any CPU.Build.0 = Release|Any CPU
	EndGlobalSection
	GlobalSection(SolutionProperties) = preSolution
		HideSolutionNode = FALSE
	EndGlobalSection
	GlobalSection(ExtensibilityGlobals) = postSolution
		SolutionGuid = {5758564B-D84D-40FA-8B3D-6B600525A03E}
	EndGlobalSection
EndGlobal
